
Microsoft Visual Studio Solution File, Format Version 12.00
Project("{FAE04EC0-301F-11D3-BF4B-00C04F79EFBC}") = "BalkaBook.Identity.Api", "BalkaBook.Identity.Api\BalkaBook.Identity.Api.csproj", "{3DE531F7-C7EA-482C-99DD-7A63054C37C3}"
EndProject
Project("{FAE04EC0-301F-11D3-BF4B-00C04F79EFBC}") = "BalkaBook.Identity.Persistence", "BalkaBook.Identity.Persistence\BalkaBook.Identity.Persistence.csproj", "{3A0B2225-0951-4A25-BC2C-C466996F1203}"
EndProject
Global
	GlobalSection(SolutionConfigurationPlatforms) = preSolution
		Debug|Any CPU = Debug|Any CPU
		Release|Any CPU = Release|Any CPU
	EndGlobalSection
	GlobalSection(ProjectConfigurationPlatforms) = postSolution
		{3DE531F7-C7EA-482C-99DD-7A63054C37C3}.Debug|Any CPU.ActiveCfg = Debug|Any CPU
		{3DE531F7-C7EA-482C-99DD-7A63054C37C3}.Debug|Any CPU.Build.0 = Debug|Any CPU
		{3DE531F7-C7EA-482C-99DD-7A63054C37C3}.Release|Any CPU.ActiveCfg = Release|Any CPU
		{3DE531F7-C7EA-482C-99DD-7A63054C37C3}.Release|Any CPU.Build.0 = Release|Any CPU
		{3A0B2225-0951-4A25-BC2C-C466996F1203}.Debug|Any CPU.ActiveCfg = Debug|Any CPU
		{3A0B2225-0951-4A25-BC2C-C466996F1203}.Debug|Any CPU.Build.0 = Debug|Any CPU
		{3A0B2225-0951-4A25-BC2C-C466996F1203}.Release|Any CPU.ActiveCfg = Release|Any CPU
		{3A0B2225-0951-4A25-BC2C-C466996F1203}.Release|Any CPU.Build.0 = Release|Any CPU
	EndGlobalSection
EndGlobal
